
Microsoft Visual Studio Solution File, Format Version 12.00
# Visual Studio Version 17
VisualStudioVersion = 17.8.34525.116
MinimumVisualStudioVersion = 10.0.40219.1
Project("{FAE04EC0-301F-11D3-BF4B-00C04F79EFBC}") = "CollegeManagmentPart1", "CollegeManagmentPart1\CollegeManagmentPart1.csproj", "{46350B81-FA9A-4241-86E6-48E92D25317A}"
EndProject
Global
	GlobalSection(SolutionConfigurationPlatforms) = preSolution
		Debug|Any CPU = Debug|Any CPU
		Release|Any CPU = Release|Any CPU
	EndGlobalSection
	GlobalSection(ProjectConfigurationPlatforms) = postSolution
		{46350B81-FA9A-4241-86E6-48E92D25317A}.Debug|Any CPU.ActiveCfg = Debug|Any CPU
		{46350B81-FA9A-4241-86E6-48E92D25317A}.Debug|Any CPU.Build.0 = Debug|Any CPU
		{46350B81-FA9A-4241-86E6-48E92D25317A}.Release|Any CPU.ActiveCfg = Release|Any CPU
		{46350B81-FA9A-4241-86E6-48E92D25317A}.Release|Any CPU.Build.0 = Release|Any CPU
	EndGlobalSection
	GlobalSection(SolutionProperties) = preSolution
		HideSolutionNode = FALSE
	EndGlobalSection
	GlobalSection(ExtensibilityGlobals) = postSolution
		SolutionGuid = {2CF921C7-54C6-4B68-B9BF-7CAB3428C4C7}
	EndGlobalSection
EndGlobal
